version = 1
revision = 3
requires-python = ">=3.12"

[[package]]
name = "cuda-bindings"
version = "13.0.3"
source = { registry = "https://download.pytorch.org/whl/cu130" }
dependencies = [
    { name = "cuda-pathfinder" },
]
wheels = [
    { url = "https://download.pytorch.org/whl/cuda_bindings-13.0.3-cp312-cp312-manylinux_2_24_aarch64.manylinux_2_28_aarch64.whl", upload-time = "2026-01-21T18:06:59Z" },
    { url = "https://download.pytorch.org/whl/cu130/cuda_bindings-13.0.3-cp312-cp312-manylinux_2_24_aarch64.manylinux_2_28_aarch64.whl", hash = "sha256:b899e5a513c11eaa18648f9bf5265d8de2a93f76ef66a6bfca0a2887303965cd", upload-time = "2026-04-27T19:38:19Z" },
    { url = "https://download.pytorch.org/whl/cu130/cuda_bindings-13.0.3-cp312-cp312-manylinux_2_24_x86_64.manylinux_2_28_x86_64.whl", hash = "sha256:cf41d9e69019939aa15296fa66ea7d3fdb8d2c6383f729f4b1156c8b37808a06", upload-time = "2026-04-27T19:38:20Z" },
    { url = "https://download.pytorch.org/whl/cuda_bindings-13.0.3-cp312-cp312-manylinux_2_24_x86_64.manylinux_2_28_x86_64.whl", upload-time = "2026-01-21T18:07:07Z" },
    { url = "https://download.pytorch.org/whl/cuda_bindings-13.0.3-cp313-cp313-manylinux_2_24_aarch64.manylinux_2_28_aarch64.whl", upload-time = "2026-01-21T18:07:14Z" },
    { url = "https://download.pytorch.org/whl/cu130/cuda_bindings-13.0.3-cp313-cp313-manylinux_2_24_aarch64.manylinux_2_28_aarch64.whl", hash = "sha256:fb16a7f769c9c67469add7a1d9f6c14dd44637f6921cb6b9eb82cb5015b35c3d", upload-time = "2026-04-27T19:38:22Z" },
    { url = "https://download.pytorch.org/whl/cu130/cuda_bindings-13.0.3-cp313-cp313-manylinux_2_24_x86_64.manylinux_2_28_x86_64.whl", hash = "sha256:512d0d803a5e47a8a42d5a34ce0932802bf72fe952fdb11ac798715a35c6e5cb", upload-time = "2026-04-27T19:38:22Z" },
    { url = "https://download.pytorch.org/whl/cuda_bindings-13.0.3-cp313-cp313-manylinux_2_24_x86_64.manylinux_2_28_x86_64.whl", upload-time = "2026-01-21T18:07:28Z" },
    { url = "https://download.pytorch.org/whl/cuda_bindings-13.0.3-cp313-cp313t-manylinux_2_24_aarch64.manylinux_2_28_aarch64.whl", upload-time = "2026-01-21T18:07:35Z" },
    { url = "https://download.pytorch.org/whl/cu130/cuda_bindings-13.0.3-cp313-cp313t-manylinux_2_24_aarch64.manylinux_2_28_aarch64.whl", hash = "sha256:c859e326c776a47e66c50386a10c84fe34291eb6e711610c9fd7cc27d446334f", upload-time = "2026-04-27T19:38:24Z" },
    { url = "https://download.pytorch.org/whl/cuda_bindings-13.0.3-cp313-cp313t-manylinux_2_24_x86_64.manylinux_2_28_x86_64.whl", upload-time = "2026-01-21T18:07:52Z" },
    { url = "https://download.pytorch.org/whl/cu130/cuda_bindings-13.0.3-cp313-cp313t-manylinux_2_24_x86_64.manylinux_2_28_x86_64.whl", hash = "sha256:e675dbd009fb5e66d63fd13a8ff35f849120f01bcc4dafadbced3004605c3588", upload-time = "2026-04-27T19:38:25Z" },
    { url = "https://download.pytorch.org/whl/cu130/cuda_bindings-13.0.3-cp314-cp314-manylinux_2_24_aarch64.manylinux_2_28_aarch64.whl", hash = "sha256:7c7e6e89cdfc9b34f16a065cc6ad6c4bab19ce5dcef8da3ace8ad10bda899fa0", upload-time = "2026-04-27T19:38:26Z" },
    { url = "https://download.pytorch.org/whl/cuda_bindings-13.0.3-cp314-cp314-manylinux_2_24_aarch64.manylinux_2_28_aarch64.whl", upload-time = "2026-01-21T18:08:05Z" },
    { url = "https://download.pytorch.org/whl/cu130/cuda_bindings-13.0.3-cp314-cp314-manylinux_2_24_x86_64.manylinux_2_28_x86_64.whl", hash = "sha256:e93866465e7ff4b7ebdf711cf9cd680499cd875f992058c68be08d4775ac233d", upload-time = "2026-04-27T19:38:27Z" },
    { url = "https://download.pytorch.org/whl/cuda_bindings-13.0.3-cp314-cp314-manylinux_2_24_x86_64.manylinux_2_28_x86_64.whl", upload-time = "2026-01-21T18:08:10Z" },
    { url = "https://download.pytorch.org/whl/cu130/cuda_bindings-13.0.3-cp314-cp314t-manylinux_2_24_aarch64.manylinux_2_28_aarch64.whl", hash = "sha256:ed06ef3507bd0aefb0da367e3d15676a8c7443bd68a88f298562d60b41078c20", upload-time = "2026-04-27T19:38:28Z" },
    { url = "https://download.pytorch.org/whl/cuda_bindings-13.0.3-cp314-cp314t-manylinux_2_24_aarch64.manylinux_2_28_aarch64.whl", upload-time = "2026-01-21T18:08:14Z" },
    { url = "https://download.pytorch.org/whl/cu130/cuda_bindings-13.0.3-cp314-cp314t-manylinux_2_24_x86_64.manylinux_2_28_x86_64.whl", hash = "sha256:3ab845487ca2c14accdcb393a559a3070469ea4b591d05e6ef439471f47f3e24", upload-time = "2026-04-27T19:38:29Z" },
    { url = "https://download.pytorch.org/whl/cuda_bindings-13.0.3-cp314-cp314t-manylinux_2_24_x86_64.manylinux_2_28_x86_64.whl", upload-time = "2026-01-21T18:08:20Z" },
]

[[package]]
name = "cuda-pathfinder"
version = "1.2.2"
source = { registry = "https://download.pytorch.org/whl/cu130" }
wheels = [
    { url = "https://download.pytorch.org/whl/cuda_pathfinder-1.2.2-py3-none-any.whl", upload-time = "2026-01-20T19:36:05Z" },
]

[[package]]
name = "cuda-toolkit"
version = "13.0.2"
source = { registry = "https://download.pytorch.org/whl/cu130" }
wheels = [
    { url = "https://pypi.nvidia.com/cuda-toolkit/cuda_toolkit-13.0.2-py2.py3-none-any.whl", hash = "sha256:b198824cf2f54003f50d64ada3a0f184b42ca0846c1c94192fa269ecd97a66eb" },
]

[package.optional-dependencies]
cudart = [
    { name = "nvidia-cuda-runtime", marker = "sys_platform == 'linux' or sys_platform == 'win32'" },
]
cufft = [
    { name = "nvidia-cufft", marker = "sys_platform == 'linux' or sys_platform == 'win32'" },
]
cufile = [
    { name = "nvidia-cufile", marker = "sys_platform == 'linux'" },
]
cupti = [
    { name = "nvidia-cuda-cupti", marker = "sys_platform == 'linux' or sys_platform == 'win32'" },
]
curand = [
    { name = "nvidia-curand", marker = "sys_platform == 'linux' or sys_platform == 'win32'" },
]
cusolver = [
    { name = "nvidia-cusolver", marker = "sys_platform == 'linux' or sys_platform == 'win32'" },
]
cusparse = [
    { name = "nvidia-cusparse", marker = "sys_platform == 'linux' or sys_platform == 'win32'" },
]
nvjitlink = [
    { name = "nvidia-nvjitlink", marker = "sys_platform == 'linux' or sys_platform == 'win32'" },
]
nvrtc = [
    { name = "nvidia-cuda-nvrtc", marker = "sys_platform == 'linux' or sys_platform == 'win32'" },
]
nvtx = [
    { name = "nvidia-nvtx", marker = "sys_platform == 'linux' or sys_platform == 'win32'" },
]

[[package]]
name = "dinov2"
version = "0.1.0"
source = { editable = "." }
dependencies = [
    { name = "numpy" },
    { name = "torch" },
]

[package.metadata]
requires-dist = [
    { name = "numpy", specifier = ">=2.4.4" },
    { name = "torch", specifier = ">=2.12.0", index = "https://download.pytorch.org/whl/cu130" },
]

[[package]]
name = "filelock"
version = "3.29.0"
source = { registry = "https://download.pytorch.org/whl/cu130" }
sdist = { url = "https://files.pythonhosted.org/packages/b5/fe/997687a931ab51049acce6fa1f23e8f01216374ea81374ddee763c493db5/filelock-3.29.0.tar.gz", hash = "sha256:69974355e960702e789734cb4871f884ea6fe50bd8404051a3530bc07809cf90" }
wheels = [
    { url = "https://files.pythonhosted.org/packages/81/47/dd9a212ef6e343a6857485ffe25bba537304f1913bdbed446a23f7f592e1/filelock-3.29.0-py3-none-any.whl", hash = "sha256:96f5f6344709aa1572bbf631c640e4ebeeb519e08da902c39a001882f30ac258" },
]

[[package]]
name = "fsspec"
version = "2026.4.0"
source = { registry = "https://download.pytorch.org/whl/cu130" }
sdist = { url = "https://files.pythonhosted.org/packages/d5/8d/1c51c094345df128ca4a990d633fe1a0ff28726c9e6b3c41ba65087bba1d/fsspec-2026.4.0.tar.gz", hash = "sha256:301d8ac70ae90ef3ad05dcf94d6c3754a097f9b5fe4667d2787aa359ec7df7e4" }
wheels = [
    { url = "https://files.pythonhosted.org/packages/d5/0c/043d5e551459da400957a1395e0febbf771446ff34291afcbe3d8be2a279/fsspec-2026.4.0-py3-none-any.whl", hash = "sha256:11ef7bb35dab8a394fde6e608221d5cf3e8499401c249bebaeaad760a1a8dec2" },
]

[[package]]
name = "jinja2"
version = "3.1.6"
source = { registry = "https://download.pytorch.org/whl/cu130" }
dependencies = [
    { name = "markupsafe" },
]
wheels = [
    { url = "https://download.pytorch.org/whl/jinja2-3.1.6-py3-none-any.whl", upload-time = "2025-10-14T18:38:59Z" },
]

[[package]]
name = "markupsafe"
version = "3.0.3"
source = { registry = "https://download.pytorch.org/whl/cu130" }
wheels = [
    { url = "https://download.pytorch.org/whl/markupsafe-3.0.3-cp312-cp312-macosx_11_0_arm64.whl", upload-time = "2026-03-27T13:54:33Z" },
    { url = "https://download.pytorch.org/whl/markupsafe-3.0.3-cp312-cp312-manylinux2014_aarch64.manylinux_2_17_aarch64.manylinux_2_28_aarch64.whl", upload-time = "2026-03-27T13:54:33Z" },
    { url = "https://download.pytorch.org/whl/markupsafe-3.0.3-cp312-cp312-manylinux2014_x86_64.manylinux_2_17_x86_64.manylinux_2_28_x86_64.whl", upload-time = "2026-03-27T13:54:35Z" },
    { url = "https://download.pytorch.org/whl/markupsafe-3.0.3-cp312-cp312-win_amd64.whl", upload-time = "2026-03-27T13:54:35Z" },
    { url = "https://download.pytorch.org/whl/markupsafe-3.0.3-cp313-cp313-macosx_11_0_arm64.whl", upload-time = "2026-03-27T13:54:35Z" },
    { url = "https://download.pytorch.org/whl/markupsafe-3.0.3-cp313-cp313-manylinux2014_aarch64.manylinux_2_17_aarch64.manylinux_2_28_aarch64.whl", upload-time = "2026-03-27T13:54:37Z" },
    { url = "https://download.pytorch.org/whl/markupsafe-3.0.3-cp313-cp313-manylinux2014_x86_64.manylinux_2_17_x86_64.manylinux_2_28_x86_64.whl", upload-time = "2026-03-27T13:54:37Z" },
    { url = "https://download.pytorch.org/whl/markupsafe-3.0.3-cp313-cp313-win_amd64.whl", upload-time = "2026-03-27T13:54:39Z" },
    { url = "https://download.pytorch.org/whl/markupsafe-3.0.3-cp313-cp313t-macosx_11_0_arm64.whl", upload-time = "2026-03-27T13:54:39Z" },
    { url = "https://download.pytorch.org/whl/markupsafe-3.0.3-cp313-cp313t-manylinux2014_aarch64.manylinux_2_17_aarch64.manylinux_2_28_aarch64.whl", upload-time = "2026-03-27T13:54:39Z" },
    { url = "https://download.pytorch.org/whl/markupsafe-3.0.3-cp313-cp313t-manylinux2014_x86_64.manylinux_2_17_x86_64.manylinux_2_28_x86_64.whl", upload-time = "2026-03-27T13:54:41Z" },
    { url = "https://download.pytorch.org/whl/markupsafe-3.0.3-cp313-cp313t-win_amd64.whl", upload-time = "2026-03-27T13:54:41Z" },
    { url = "https://download.pytorch.org/whl/markupsafe-3.0.3-cp314-cp314-macosx_11_0_arm64.whl", upload-time = "2026-02-23T16:46:37Z" },
    { url = "https://download.pytorch.org/whl/markupsafe-3.0.3-cp314-cp314-manylinux2014_aarch64.manylinux_2_17_aarch64.manylinux_2_28_aarch64.whl", upload-time = "2026-02-23T16:46:37Z" },
    { url = "https://download.pytorch.org/whl/markupsafe-3.0.3-cp314-cp314-manylinux2014_x86_64.manylinux_2_17_x86_64.manylinux_2_28_x86_64.whl", upload-time = "2026-02-23T16:46:37Z" },
    { url = "https://download.pytorch.org/whl/markupsafe-3.0.3-cp314-cp314-win_amd64.whl", upload-time = "2026-02-23T16:46:37Z" },
    { url = "https://download.pytorch.org/whl/markupsafe-3.0.3-cp314-cp314t-macosx_11_0_arm64.whl", upload-time = "2026-02-23T16:46:39Z" },
    { url = "https://download.pytorch.org/whl/markupsafe-3.0.3-cp314-cp314t-manylinux2014_aarch64.manylinux_2_17_aarch64.manylinux_2_28_aarch64.whl", upload-time = "2026-02-23T16:46:41Z" },
    { url = "https://download.pytorch.org/whl/markupsafe-3.0.3-cp314-cp314t-manylinux2014_x86_64.manylinux_2_17_x86_64.manylinux_2_28_x86_64.whl", upload-time = "2026-02-23T16:46:41Z" },
    { url = "https://download.pytorch.org/whl/markupsafe-3.0.3-cp314-cp314t-win_amd64.whl", upload-time = "2026-02-23T16:46:41Z" },
]

[[package]]
name = "mpmath"
version = "1.3.0"
source = { registry = "https://download.pytorch.org/whl/cu130" }
sdist = { url = "https://files.pythonhosted.org/packages/e0/47/dd32fa426cc72114383ac549964eecb20ecfd886d1e5ccf5340b55b02f57/mpmath-1.3.0.tar.gz", hash = "sha256:7a28eb2a9774d00c7bc92411c19a89209d5da7c4c9a9e227be8330a23a25b91f" }
wheels = [
    { url = "https://files.pythonhosted.org/packages/43/e3/7d92a15f894aa0c9c4b49b8ee9ac9850d6e63b03c9c32c0367a13ae62209/mpmath-1.3.0-py3-none-any.whl", hash = "sha256:a0b2b9fe80bbcd81a6647ff13108738cfb482d481d826cc0e02f5b35e5c88d2c" },
]

[[package]]
name = "networkx"
version = "3.6.1"
source = { registry = "https://download.pytorch.org/whl/cu130" }
sdist = { url = "https://files.pythonhosted.org/packages/6a/51/63fe664f3908c97be9d2e4f1158eb633317598cfa6e1fc14af5383f17512/networkx-3.6.1.tar.gz", hash = "sha256:26b7c357accc0c8cde558ad486283728b65b6a95d85ee1cd66bafab4c8168509" }
wheels = [
    { url = "https://files.pythonhosted.org/packages/9e/c9/b2622292ea83fbb4ec318f5b9ab867d0a28ab43c5717bb85b0a5f6b3b0a4/networkx-3.6.1-py3-none-any.whl", hash = "sha256:d47fbf302e7d9cbbb9e2555a0d267983d2aa476bac30e90dfbe5669bd57f3762" },
]

[[package]]
name = "numpy"
version = "2.4.4"
source = { registry = "https://download.pytorch.org/whl/cu130" }
sdist = { url = "https://files.pythonhosted.org/packages/d7/9f/b8cef5bffa569759033adda9481211426f12f53299629b410340795c2514/numpy-2.4.4.tar.gz", hash = "sha256:2d390634c5182175533585cc89f3608a4682ccb173cc9bb940b2881c8d6f8fa0" }
wheels = [
    { url = "https://files.pythonhosted.org/packages/28/05/32396bec30fb2263770ee910142f49c1476d08e8ad41abf8403806b520ce/numpy-2.4.4-cp312-cp312-macosx_10_13_x86_64.whl", hash = "sha256:15716cfef24d3a9762e3acdf87e27f58dc823d1348f765bbea6bef8c639bfa1b" },
    { url = "https://files.pythonhosted.org/packages/c5/f3/a983d28637bfcd763a9c7aafdb6d5c0ebf3d487d1e1459ffdb57e2f01117/numpy-2.4.4-cp312-cp312-macosx_11_0_arm64.whl", hash = "sha256:23cbfd4c17357c81021f21540da84ee282b9c8fba38a03b7b9d09ba6b951421e" },
    { url = "https://files.pythonhosted.org/packages/9b/fd/e5ecca1e78c05106d98028114f5c00d3eddb41207686b2b7de3e477b0e22/numpy-2.4.4-cp312-cp312-macosx_14_0_arm64.whl", hash = "sha256:8b3b60bb7cba2c8c81837661c488637eee696f59a877788a396d33150c35d842" },
    { url = "https://files.pythonhosted.org/packages/de/2f/702a4594413c1a8632092beae8aba00f1d67947389369b3777aed783fdca/numpy-2.4.4-cp312-cp312-macosx_14_0_x86_64.whl", hash = "sha256:e4a010c27ff6f210ff4c6ef34394cd61470d01014439b192ec22552ee867f2a8" },
    { url = "https://files.pythonhosted.org/packages/7f/37/eed308a8f56cba4d1fdf467a4fc67ef4ff4bf1c888f5fc980481890104b1/numpy-2.4.4-cp312-cp312-manylinux_2_27_aarch64.manylinux_2_28_aarch64.whl", hash = "sha256:f9e75681b59ddaa5e659898085ae0eaea229d054f2ac0c7e563a62205a700121" },
    { url = "https://files.pythonhosted.org/packages/0a/0d/0e3ecece05b7a7e87ab9fb587855548da437a061326fff64a223b6dcb78a/numpy-2.4.4-cp312-cp312-manylinux_2_27_x86_64.manylinux_2_28_x86_64.whl", hash = "sha256:81f4a14bee47aec54f883e0cad2d73986640c1590eb9bfaaba7ad17394481e6e" },
    { url = "https://files.pythonhosted.org/packages/34/49/f2312c154b82a286758ee2f1743336d50651f8b5195db18cdb63675ff649/numpy-2.4.4-cp312-cp312-musllinux_1_2_aarch64.whl", hash = "sha256:62d6b0f03b694173f9fcb1fb317f7222fd0b0b103e784c6549f5e53a27718c44" },
    { url = "https://files.pythonhosted.org/packages/7b/e9/736d17bd77f1b0ec4f9901aaec129c00d59f5d84d5e79bba540ef12c2330/numpy-2.4.4-cp312-cp312-musllinux_1_2_x86_64.whl", hash = "sha256:fbc356aae7adf9e6336d336b9c8111d390a05df88f1805573ebb0807bd06fd1d" },
    { url = "https://files.pythonhosted.org/packages/63/f6/d417977c5f519b17c8a5c3bc9e8304b0908b0e21136fe43bf628a1343914/numpy-2.4.4-cp312-cp312-win32.whl", hash = "sha256:0d35aea54ad1d420c812bfa0385c71cd7cc5bcf7c65fed95fc2cd02fe8c79827" },
    { url = "https://files.pythonhosted.org/packages/2d/5b/e1deebf88ff431b01b7406ca3583ab2bbb90972bbe1c568732e49c844f7e/numpy-2.4.4-cp312-cp312-win_amd64.whl", hash = "sha256:b5f0362dc928a6ecd9db58868fca5e48485205e3855957bdedea308f8672ea4a" },
    { url = "https://files.pythonhosted.org/packages/58/89/e4e856ac82a68c3ed64486a544977d0e7bdd18b8da75b78a577ca31c4395/numpy-2.4.4-cp312-cp312-win_arm64.whl", hash = "sha256:846300f379b5b12cc769334464656bc882e0735d27d9726568bc932fdc49d5ec" },
    { url = "https://files.pythonhosted.org/packages/14/1d/d0a583ce4fefcc3308806a749a536c201ed6b5ad6e1322e227ee4848979d/numpy-2.4.4-cp313-cp313-macosx_10_13_x86_64.whl", hash = "sha256:08f2e31ed5e6f04b118e49821397f12767934cfdd12a1ce86a058f91e004ee50" },
    { url = "https://files.pythonhosted.org/packages/c1/62/2b7a48fbb745d344742c0277f01286dead15f3f68e4f359fbfcf7b48f70f/numpy-2.4.4-cp313-cp313-macosx_11_0_arm64.whl", hash = "sha256:e823b8b6edc81e747526f70f71a9c0a07ac4e7ad13020aa736bb7c9d67196115" },
    { url = "https://files.pythonhosted.org/packages/e5/87/499737bfba066b4a3bebff24a8f1c5b2dee410b209bc6668c9be692580f0/numpy-2.4.4-cp313-cp313-macosx_14_0_arm64.whl", hash = "sha256:4a19d9dba1a76618dd86b164d608566f393f8ec6ac7c44f0cc879011c45e65af" },
    { url = "https://files.pythonhosted.org/packages/cd/da/464d551604320d1491bc345efed99b4b7034143a85787aab78d5691d5a0e/numpy-2.4.4-cp313-cp313-macosx_14_0_x86_64.whl", hash = "sha256:d2a8490669bfe99a233298348acc2d824d496dee0e66e31b66a6022c2ad74a5c" },
    { url = "https://files.pythonhosted.org/packages/7d/90/8d23e3b0dafd024bf31bdec225b3bb5c2dbfa6912f8a53b8659f21216cbf/numpy-2.4.4-cp313-cp313-manylinux_2_27_aarch64.manylinux_2_28_aarch64.whl", hash = "sha256:45dbed2ab436a9e826e302fcdcbe9133f9b0006e5af7168afb8963a6520da103" },
    { url = "https://files.pythonhosted.org/packages/d1/73/a9d864e42a01896bb5974475438f16086be9ba1f0d19d0bb7a07427c4a8b/numpy-2.4.4-cp313-cp313-manylinux_2_27_x86_64.manylinux_2_28_x86_64.whl", hash = "sha256:c901b15172510173f5cb310eae652908340f8dede90fff9e3bf6c0d8dfd92f83" },
    { url = "https://files.pythonhosted.org/packages/34/fb/14570d65c3bde4e202a031210475ae9cde9b7686a2e7dc97ee67d2833b35/numpy-2.4.4-cp313-cp313-musllinux_1_2_aarch64.whl", hash = "sha256:99d838547ace2c4aace6c4f76e879ddfe02bb58a80c1549928477862b7a6d6ed" },
    { url = "https://files.pythonhosted.org/packages/8a/77/2ba9d87081fd41f6d640c83f26fb7351e536b7ce6dd9061b6af5904e8e46/numpy-2.4.4-cp313-cp313-musllinux_1_2_x86_64.whl", hash = "sha256:0aec54fd785890ecca25a6003fd9a5aed47ad607bbac5cd64f836ad8666f4959" },
    { url = "https://files.pythonhosted.org/packages/a2/23/52666c9a41708b0853fa3b1a12c90da38c507a3074883823126d4e9d5b30/numpy-2.4.4-cp313-cp313-win32.whl", hash = "sha256:07077278157d02f65c43b1b26a3886bce886f95d20aabd11f87932750dfb14ed" },
    { url = "https://files.pythonhosted.org/packages/57/fb/48649b4971cde70d817cf97a2a2fdc0b4d8308569f1dd2f2611959d2e0cf/numpy-2.4.4-cp313-cp313-win_amd64.whl", hash = "sha256:5c70f1cc1c4efbe316a572e2d8b9b9cc44e89b95f79ca3331553fbb63716e2bf" },
    { url = "https://files.pythonhosted.org/packages/ba/d8/11490cddd564eb4de97b4579ef6bfe6a736cc07e94c1598590ae25415e01/numpy-2.4.4-cp313-cp313-win_arm64.whl", hash = "sha256:ef4059d6e5152fa1a39f888e344c73fdc926e1b2dd58c771d67b0acfbf2aa67d" },
    { url = "https://files.pythonhosted.org/packages/99/5d/dab4339177a905aad3e2221c915b35202f1ec30d750dd2e5e9d9a72b804b/numpy-2.4.4-cp313-cp313t-macosx_11_0_arm64.whl", hash = "sha256:4bbc7f303d125971f60ec0aaad5e12c62d0d2c925f0ab1273debd0e4ba37aba5" },
    { url = "https://files.pythonhosted.org/packages/eb/e4/0564a65e7d3d97562ed6f9b0fd0fb0a6f559ee444092f105938b50043876/numpy-2.4.4-cp313-cp313t-macosx_14_0_arm64.whl", hash = "sha256:4d6d57903571f86180eb98f8f0c839fa9ebbfb031356d87f1361be91e433f5b7" },
    { url = "https://files.pythonhosted.org/packages/29/8d/35a3a6ce5ad371afa58b4700f1c820f8f279948cca32524e0a695b0ded83/numpy-2.4.4-cp313-cp313t-macosx_14_0_x86_64.whl", hash = "sha256:4636de7fd195197b7535f231b5de9e4b36d2c440b6e566d2e4e4746e6af0ca93" },
    { url = "https://files.pythonhosted.org/packages/f4/da/477731acbd5a58a946c736edfdabb2ac5b34c3d08d1ba1a7b437fa0884df/numpy-2.4.4-cp313-cp313t-manylinux_2_27_aarch64.manylinux_2_28_aarch64.whl", hash = "sha256:ad2e2ef14e0b04e544ea2fa0a36463f847f113d314aa02e5b402fdf910ef309e" },
    { url = "https://files.pythonhosted.org/packages/e6/db/338535d9b152beabeb511579598418ba0212ce77cf9718edd70262cc4370/numpy-2.4.4-cp313-cp313t-manylinux_2_27_x86_64.manylinux_2_28_x86_64.whl", hash = "sha256:5a285b3b96f951841799528cd1f4f01cd70e7e0204b4abebac9463eecfcf2a40" },
    { url = "https://files.pythonhosted.org/packages/e2/a9/ad248e8f58beb7a0219b413c9c7d8151c5d285f7f946c3e26695bdbbe2df/numpy-2.4.4-cp313-cp313t-musllinux_1_2_aarch64.whl", hash = "sha256:f8474c4241bc18b750be2abea9d7a9ec84f46ef861dbacf86a4f6e043401f79e" },
    { url = "https://files.pythonhosted.org/packages/b5/1a/3b88ccd3694681356f70da841630e4725a7264d6a885c8d442a697e1146b/numpy-2.4.4-cp313-cp313t-musllinux_1_2_x86_64.whl", hash = "sha256:4e874c976154687c1f71715b034739b45c7711bec81db01914770373d125e392" },
    { url = "https://files.pythonhosted.org/packages/c2/c9/fcfd5d0639222c6eac7f304829b04892ef51c96a75d479214d77e3ce6e33/numpy-2.4.4-cp313-cp313t-win32.whl", hash = "sha256:9c585a1790d5436a5374bac930dad6ed244c046ed91b2b2a3634eb2971d21008" },
    { url = "https://files.pythonhosted.org/packages/d5/e3/3938a61d1c538aaec8ed6fd6323f57b0c2d2d2219512434c5c878db76553/numpy-2.4.4-cp313-cp313t-win_amd64.whl", hash = "sha256:93e15038125dc1e5345d9b5b68aa7f996ec33b98118d18c6ca0d0b7d6198b7e8" },
    { url = "https://files.pythonhosted.org/packages/97/6a/7e345032cc60501721ef94e0e30b60f6b0bd601f9174ebd36389a2b86d40/numpy-2.4.4-cp313-cp313t-win_arm64.whl", hash = "sha256:0dfd3f9d3adbe2920b68b5cd3d51444e13a10792ec7154cd0a2f6e74d4ab3233" },
    { url = "https://files.pythonhosted.org/packages/6e/06/c54062f85f673dd5c04cbe2f14c3acb8c8b95e3384869bb8cc9bff8cb9df/numpy-2.4.4-cp314-cp314-macosx_10_15_x86_64.whl", hash = "sha256:f169b9a863d34f5d11b8698ead99febeaa17a13ca044961aa8e2662a6c7766a0" },
    { url = "https://files.pythonhosted.org/packages/4c/39/8a320264a84404c74cc7e79715de85d6130fa07a0898f67fb5cd5bd79908/numpy-2.4.4-cp314-cp314-macosx_11_0_arm64.whl", hash = "sha256:2483e4584a1cb3092da4470b38866634bafb223cbcd551ee047633fd2584599a" },
    { url = "https://files.pythonhosted.org/packages/91/fb/287076b2614e1d1044235f50f03748f31fa287e3dbe6abeb35cdfa351eca/numpy-2.4.4-cp314-cp314-macosx_14_0_arm64.whl", hash = "sha256:2d19e6e2095506d1736b7d80595e0f252d76b89f5e715c35e06e937679ea7d7a" },
    { url = "https://files.pythonhosted.org/packages/63/eb/fcc338595309910de6ecabfcef2419a9ce24399680bfb149421fa2df1280/numpy-2.4.4-cp314-cp314-macosx_14_0_x86_64.whl", hash = "sha256:6a246d5914aa1c820c9443ddcee9c02bec3e203b0c080349533fae17727dfd1b" },
    { url = "https://files.pythonhosted.org/packages/44/5d/e7e9044032a716cdfaa3fba27a8e874bf1c5f1912a1ddd4ed071bf8a14a6/numpy-2.4.4-cp314-cp314-manylinux_2_27_aarch64.manylinux_2_28_aarch64.whl", hash = "sha256:989824e9faf85f96ec9c7761cd8d29c531ad857bfa1daa930cba85baaecf1a9a" },
    { url = "https://files.pythonhosted.org/packages/98/7c/21252050676612625449b4807d6b695b9ce8a7c9e1c197ee6216c8a65c7c/numpy-2.4.4-cp314-cp314-manylinux_2_27_x86_64.manylinux_2_28_x86_64.whl", hash = "sha256:27a8d92cd10f1382a67d7cf4db7ce18341b66438bdd9f691d7b0e48d104c2a9d" },
    { url = "https://files.pythonhosted.org/packages/b1/29/56d2bbef9465db24ef25393383d761a1af4f446a1df9b8cded4fe3a5a5d7/numpy-2.4.4-cp314-cp314-musllinux_1_2_aarch64.whl", hash = "sha256:e44319a2953c738205bf3354537979eaa3998ed673395b964c1176083dd46252" },
    { url = "https://files.pythonhosted.org/packages/e3/2b/a35a6d7589d21f44cea7d0a98de5ddcbb3d421b2622a5c96b1edf18707c3/numpy-2.4.4-cp314-cp314-musllinux_1_2_x86_64.whl", hash = "sha256:e892aff75639bbef0d2a2cfd55535510df26ff92f63c92cd84ef8d4ba5a5557f" },
    { url = "https://files.pythonhosted.org/packages/64/c9/d52ec581f2390e0f5f85cbfd80fb83d965fc15e9f0e1aec2195faa142cde/numpy-2.4.4-cp314-cp314-win32.whl", hash = "sha256:1378871da56ca8943c2ba674530924bb8ca40cd228358a3b5f302ad60cf875fc" },
    { url = "https://files.pythonhosted.org/packages/fa/22/4cc31a62a6c7b74a8730e31a4274c5dc80e005751e277a2ce38e675e4923/numpy-2.4.4-cp314-cp314-win_amd64.whl", hash = "sha256:715d1c092715954784bc79e1174fc2a90093dc4dc84ea15eb14dad8abdcdeb74" },
    { url = "https://files.pythonhosted.org/packages/70/2e/14cda6f4d8e396c612d1bf97f22958e92148801d7e4f110cabebdc0eef4b/numpy-2.4.4-cp314-cp314-win_arm64.whl", hash = "sha256:2c194dd721e54ecad9ad387c1d35e63dce5c4450c6dc7dd5611283dda239aabb" },
    { url = "https://files.pythonhosted.org/packages/b1/e8/8fed8c8d848d7ecea092dc3469643f9d10bc3a134a815a3b033da1d2039b/numpy-2.4.4-cp314-cp314t-macosx_11_0_arm64.whl", hash = "sha256:2aa0613a5177c264ff5921051a5719d20095ea586ca88cc802c5c218d1c67d3e" },
    { url = "https://files.pythonhosted.org/packages/05/1a/d8007a5138c179c2bf33ef44503e83d70434d2642877ee8fbb230e7c0548/numpy-2.4.4-cp314-cp314t-macosx_14_0_arm64.whl", hash = "sha256:42c16925aa5a02362f986765f9ebabf20de75cdefdca827d14315c568dcab113" },
    { url = "https://files.pythonhosted.org/packages/99/64/ffb99ac6ae93faf117bcbd5c7ba48a7f45364a33e8e458545d3633615dda/numpy-2.4.4-cp314-cp314t-macosx_14_0_x86_64.whl", hash = "sha256:874f200b2a981c647340f841730fc3a2b54c9d940566a3c4149099591e2c4c3d" },
    { url = "https://files.pythonhosted.org/packages/6e/6e/795cc078b78a384052e73b2f6281ff7a700e9bf53bcce2ee579d4f6dd879/numpy-2.4.4-cp314-cp314t-manylinux_2_27_aarch64.manylinux_2_28_aarch64.whl", hash = "sha256:c9b39d38a9bd2ae1becd7eac1303d031c5c110ad31f2b319c6e7d98b135c934d" },
    { url = "https://files.pythonhosted.org/packages/5f/86/2acbda8cc2af5f3d7bfc791192863b9e3e19674da7b5e533fded124d1299/numpy-2.4.4-cp314-cp314t-manylinux_2_27_x86_64.manylinux_2_28_x86_64.whl", hash = "sha256:b268594bccac7d7cf5844c7732e3f20c50921d94e36d7ec9b79e9857694b1b2f" },
    { url = "https://files.pythonhosted.org/packages/bc/59/cafd83018f4aa55e0ac6fa92aa066c0a1877b77a615ceff1711c260ffae8/numpy-2.4.4-cp314-cp314t-musllinux_1_2_aarch64.whl", hash = "sha256:ac6b31e35612a26483e20750126d30d0941f949426974cace8e6b5c58a3657b0" },
    { url = "https://files.pythonhosted.org/packages/f0/85/a42548db84e65ece46ab2caea3d3f78b416a47af387fcbb47ec28e660dc2/numpy-2.4.4-cp314-cp314t-musllinux_1_2_x86_64.whl", hash = "sha256:8e3ed142f2728df44263aaf5fb1f5b0b99f4070c553a0d7f033be65338329150" },
    { url = "https://files.pythonhosted.org/packages/ed/ad/483d9e262f4b831000062e5d8a45e342166ec8aaa1195264982bca267e62/numpy-2.4.4-cp314-cp314t-win32.whl", hash = "sha256:dddbbd259598d7240b18c9d87c56a9d2fb3b02fe266f49a7c101532e78c1d871" },
    { url = "https://files.pythonhosted.org/packages/c7/03/2fc4e14c7bd4ff2964b74ba90ecb8552540b6315f201df70f137faa5c589/numpy-2.4.4-cp314-cp314t-win_amd64.whl", hash = "sha256:a7164afb23be6e37ad90b2f10426149fd75aee07ca55653d2aa41e66c4ef697e" },
    { url = "https://files.pythonhosted.org/packages/58/78/548fb8e07b1a341746bfbecb32f2c268470f45fa028aacdbd10d9bc73aab/numpy-2.4.4-cp314-cp314t-win_arm64.whl", hash = "sha256:ba203255017337d39f89bdd58417f03c4426f12beed0440cfd933cb15f8669c7" },
]

[[package]]
name = "nvidia-cublas"
version = "13.1.1.3"
source = { registry = "https://download.pytorch.org/whl/cu130" }
dependencies = [
    { name = "nvidia-cuda-nvrtc" },
]
wheels = [
    { url = "https://pypi.nvidia.com/nvidia-cublas/nvidia_cublas-13.1.1.3-py3-none-manylinux_2_27_aarch64.whl", hash = "sha256:b7a210458267ac818974c53038fbec2e969d5c99f305ab15c72522fa9f001dd5" },
    { url = "https://pypi.nvidia.com/nvidia-cublas/nvidia_cublas-13.1.1.3-py3-none-manylinux_2_27_x86_64.whl", hash = "sha256:37936a16db8fe4ac1f065c2139360608a543a09275cb1a1af612e08cfa065436" },
]

[[package]]
name = "nvidia-cuda-cupti"
version = "13.0.85"
source = { registry = "https://download.pytorch.org/whl/cu130" }
wheels = [
    { url = "https://pypi.nvidia.com/nvidia-cuda-cupti/nvidia_cuda_cupti-13.0.85-py3-none-manylinux_2_25_aarch64.whl", hash = "sha256:796bd679890ee55fb14a94629b698b6db54bcfd833d391d5e94017dd9d7d3151" },
    { url = "https://pypi.nvidia.com/nvidia-cuda-cupti/nvidia_cuda_cupti-13.0.85-py3-none-manylinux_2_25_x86_64.whl", hash = "sha256:4eb01c08e859bf924d222250d2e8f8b8ff6d3db4721288cf35d14252a4d933c8" },
]

[[package]]
name = "nvidia-cuda-nvrtc"
version = "13.0.88"
source = { registry = "https://download.pytorch.org/whl/cu130" }
wheels = [
    { url = "https://pypi.nvidia.com/nvidia-cuda-nvrtc/nvidia_cuda_nvrtc-13.0.88-py3-none-manylinux2010_x86_64.manylinux_2_12_x86_64.whl", hash = "sha256:ad9b6d2ead2435f11cbb6868809d2adeeee302e9bb94bcf0539c7a40d80e8575" },
    { url = "https://pypi.nvidia.com/nvidia-cuda-nvrtc/nvidia_cuda_nvrtc-13.0.88-py3-none-manylinux2014_aarch64.manylinux_2_17_aarch64.whl", hash = "sha256:d27f20a0ca67a4bb34268a5e951033496c5b74870b868bacd046b1b8e0c3267b" },
]

[[package]]
name = "nvidia-cuda-runtime"
version = "13.0.96"
source = { registry = "https://download.pytorch.org/whl/cu130" }
wheels = [
    { url = "https://pypi.nvidia.com/nvidia-cuda-runtime/nvidia_cuda_runtime-13.0.96-py3-none-manylinux2014_aarch64.manylinux_2_17_aarch64.whl", hash = "sha256:ef9bcbe90493a2b9d810e43d249adb3d02e98dd30200d86607d8d02687c43f55" },
    { url = "https://pypi.nvidia.com/nvidia-cuda-runtime/nvidia_cuda_runtime-13.0.96-py3-none-manylinux2014_x86_64.manylinux_2_17_x86_64.whl", hash = "sha256:7f82250d7782aa23b6cfe765ecc7db554bd3c2870c43f3d1821f1d18aebf0548" },
]

[[package]]
name = "nvidia-cudnn-cu13"
version = "9.20.0.48"
source = { registry = "https://download.pytorch.org/whl/cu130" }
dependencies = [
    { name = "nvidia-cublas" },
]
wheels = [
    { url = "https://pypi.nvidia.com/nvidia-cudnn-cu13/nvidia_cudnn_cu13-9.20.0.48-py3-none-manylinux_2_27_aarch64.whl", hash = "sha256:e31454ae00094b0c55319d9d15b6fa2fc50a9e1c0f5c8c80fb75258234e731e1" },
    { url = "https://pypi.nvidia.com/nvidia-cudnn-cu13/nvidia_cudnn_cu13-9.20.0.48-py3-none-manylinux_2_27_x86_64.whl", hash = "sha256:0c45dd8eeb50b603f07995b1b300c62ffe6a1980482b82b3bcf94a4ca9d49304" },
]

[[package]]
name = "nvidia-cufft"
version = "12.0.0.61"
source = { registry = "https://download.pytorch.org/whl/cu130" }
dependencies = [
    { name = "nvidia-nvjitlink" },
]
wheels = [
    { url = "https://pypi.nvidia.com/nvidia-cufft/nvidia_cufft-12.0.0.61-py3-none-manylinux2014_aarch64.manylinux_2_17_aarch64.whl", hash = "sha256:2708c852ef8cd89d1d2068bdbece0aa188813a0c934db3779b9b1faa8442e5f5" },
    { url = "https://pypi.nvidia.com/nvidia-cufft/nvidia_cufft-12.0.0.61-py3-none-manylinux2014_x86_64.manylinux_2_17_x86_64.whl", hash = "sha256:6c44f692dce8fd5ffd3e3df134b6cdb9c2f72d99cf40b62c32dde45eea9ddad3" },
]

[[package]]
name = "nvidia-cufile"
version = "1.15.1.6"
source = { registry = "https://download.pytorch.org/whl/cu130" }
wheels = [
    { url = "https://pypi.nvidia.com/nvidia-cufile/nvidia_cufile-1.15.1.6-py3-none-manylinux2014_x86_64.manylinux_2_17_x86_64.whl", hash = "sha256:08a3ecefae5a01c7f5117351c64f17c7c62efa5fffdbe24fc7d298da19cd0b44" },
    { url = "https://pypi.nvidia.com/nvidia-cufile/nvidia_cufile-1.15.1.6-py3-none-manylinux_2_27_aarch64.whl", hash = "sha256:bdc0deedc61f548bddf7733bdc216456c2fdb101d020e1ab4b88d232d5e2f6d1" },
]

[[package]]
name = "nvidia-curand"
version = "10.4.0.35"
source = { registry = "https://download.pytorch.org/whl/cu130" }
wheels = [
    { url = "https://pypi.nvidia.com/nvidia-curand/nvidia_curand-10.4.0.35-py3-none-manylinux_2_27_aarch64.whl", hash = "sha256:133df5a7509c3e292aaa2b477afd0194f06ce4ea24d714d616ff36439cee349a" },
    { url = "https://pypi.nvidia.com/nvidia-curand/nvidia_curand-10.4.0.35-py3-none-manylinux_2_27_x86_64.whl", hash = "sha256:1aee33a5da6e1db083fe2b90082def8915f30f3248d5896bcec36a579d941bfc" },
]

[[package]]
name = "nvidia-cusolver"
version = "12.0.4.66"
source = { registry = "https://download.pytorch.org/whl/cu130" }
dependencies = [
    { name = "nvidia-cublas" },
    { name = "nvidia-cusparse" },
    { name = "nvidia-nvjitlink" },
]
wheels = [
    { url = "https://pypi.nvidia.com/nvidia-cusolver/nvidia_cusolver-12.0.4.66-py3-none-manylinux_2_27_aarch64.whl", hash = "sha256:02c2457eaa9e39de20f880f4bd8820e6a1cfb9f9a34f820eb12a155aa5bc92d2" },
    { url = "https://pypi.nvidia.com/nvidia-cusolver/nvidia_cusolver-12.0.4.66-py3-none-manylinux_2_27_x86_64.whl", hash = "sha256:0a759da5dea5c0ea10fd307de75cdeb59e7ea4fcb8add0924859b944babf1112" },
]

[[package]]
name = "nvidia-cusparse"
version = "12.6.3.3"
source = { registry = "https://download.pytorch.org/whl/cu130" }
dependencies = [
    { name = "nvidia-nvjitlink" },
]
wheels = [
    { url = "https://pypi.nvidia.com/nvidia-cusparse/nvidia_cusparse-12.6.3.3-py3-none-manylinux2014_aarch64.manylinux_2_17_aarch64.whl", hash = "sha256:80bcc4662f23f1054ee334a15c72b8940402975e0eab63178fc7e670aa59472c" },
    { url = "https://pypi.nvidia.com/nvidia-cusparse/nvidia_cusparse-12.6.3.3-py3-none-manylinux2014_x86_64.manylinux_2_17_x86_64.whl", hash = "sha256:2b3c89c88d01ee0e477cb7f82ef60a11a4bcd57b6b87c33f789350b59759360b" },
]

[[package]]
name = "nvidia-cusparselt-cu13"
version = "0.8.1"
source = { registry = "https://download.pytorch.org/whl/cu130" }
wheels = [
    { url = "https://pypi.nvidia.com/nvidia-cusparselt-cu13/nvidia_cusparselt_cu13-0.8.1-py3-none-manylinux2014_aarch64.whl", hash = "sha256:4dca476c50bf4780d46cd0bfbd82e2bc10a08e4fef7950917ce8d7578d22a23f" },
    { url = "https://pypi.nvidia.com/nvidia-cusparselt-cu13/nvidia_cusparselt_cu13-0.8.1-py3-none-manylinux2014_x86_64.whl", hash = "sha256:786ce87568c303fadb5afcc7102d454cd3040d75f6f8626f5db460d1871f4dd0" },
]

[[package]]
name = "nvidia-nccl-cu13"
version = "2.29.7"
source = { registry = "https://download.pytorch.org/whl/cu130" }
wheels = [
    { url = "https://pypi.nvidia.com/nvidia-nccl-cu13/nvidia_nccl_cu13-2.29.7-py3-none-manylinux_2_18_aarch64.whl", hash = "sha256:674a12383e3c38a1bcccae7d4f3633b37852230b6047883cb2f4c2d1b36d9bf5" },
    { url = "https://pypi.nvidia.com/nvidia-nccl-cu13/nvidia_nccl_cu13-2.29.7-py3-none-manylinux_2_18_x86_64.whl", hash = "sha256:edd81538446786ec3b73972543e53bb43bcaf0bfc8ef76cb679fcc390ffe136d" },
]

[[package]]
name = "nvidia-nvjitlink"
version = "13.0.88"
source = { registry = "https://download.pytorch.org/whl/cu130" }
wheels = [
    { url = "https://pypi.nvidia.com/nvidia-nvjitlink/nvidia_nvjitlink-13.0.88-py3-none-manylinux2010_x86_64.manylinux_2_12_x86_64.whl", hash = "sha256:13a74f429e23b921c1109976abefacc69835f2f433ebd323d3946e11d804e47b" },
    { url = "https://pypi.nvidia.com/nvidia-nvjitlink/nvidia_nvjitlink-13.0.88-py3-none-manylinux2014_aarch64.manylinux_2_17_aarch64.whl", hash = "sha256:e931536ccc7d467a98ba1d8b89ff7fa7f1fa3b13f2b0069118cd7f47bff07d0c" },
]

[[package]]
name = "nvidia-nvshmem-cu13"
version = "3.4.5"
source = { registry = "https://download.pytorch.org/whl/cu130" }
wheels = [
    { url = "https://pypi.nvidia.com/nvidia-nvshmem-cu13/nvidia_nvshmem_cu13-3.4.5-py3-none-manylinux2014_aarch64.manylinux_2_17_aarch64.whl", hash = "sha256:6dc2a197f38e5d0376ad52cd1a2a3617d3cdc150fd5966f4aee9bcebb1d68fe9" },
    { url = "https://pypi.nvidia.com/nvidia-nvshmem-cu13/nvidia_nvshmem_cu13-3.4.5-py3-none-manylinux2014_x86_64.manylinux_2_17_x86_64.whl", hash = "sha256:290f0a2ee94c9f3687a02502f3b9299a9f9fe826e6d0287ee18482e78d495b80" },
]

[[package]]
name = "nvidia-nvtx"
version = "13.0.85"
source = { registry = "https://download.pytorch.org/whl/cu130" }
wheels = [
    { url = "https://pypi.nvidia.com/nvidia-nvtx/nvidia_nvtx-13.0.85-py3-none-manylinux1_x86_64.manylinux_2_5_x86_64.whl", hash = "sha256:4936d1d6780fbe68db454f5e72a42ff64d1fd6397df9f363ae786930fd5c1cd4" },
    { url = "https://pypi.nvidia.com/nvidia-nvtx/nvidia_nvtx-13.0.85-py3-none-manylinux2014_aarch64.manylinux_2_17_aarch64.whl", hash = "sha256:cb7780edb6b14107373c835bf8b72e7a178bac7367e23da7acb108f973f157a6" },
]

[[package]]
name = "setuptools"
version = "70.2.0"
source = { registry = "https://download.pytorch.org/whl/cu130" }
wheels = [
    { url = "https://download.pytorch.org/whl/setuptools-70.2.0-py3-none-any.whl", hash = "sha256:b8b8060bb426838fbe942479c90296ce976249451118ef566a5a0b7d8b78fb05", upload-time = "2025-01-30T19:44:58Z" },
]

[[package]]
name = "sympy"
version = "1.14.0"
source = { registry = "https://download.pytorch.org/whl/cu130" }
dependencies = [
    { name = "mpmath" },
]
sdist = { url = "https://files.pythonhosted.org/packages/83/d3/803453b36afefb7c2bb238361cd4ae6125a569b4db67cd9e79846ba2d68c/sympy-1.14.0.tar.gz", hash = "sha256:d3d3fe8df1e5a0b42f0e7bdf50541697dbe7d23746e894990c030e2b05e72517" }
wheels = [
    { url = "https://files.pythonhosted.org/packages/a2/09/77d55d46fd61b4a135c444fc97158ef34a095e5681d0a6c10b75bf356191/sympy-1.14.0-py3-none-any.whl", hash = "sha256:e091cc3e99d2141a0ba2847328f5479b05d94a6635cb96148ccb3f34671bd8f5" },
]

[[package]]
name = "torch"
version = "2.12.0+cu130"
source = { registry = "https://download.pytorch.org/whl/cu130" }
dependencies = [
    { name = "cuda-bindings", marker = "sys_platform == 'linux'" },
    { name = "cuda-toolkit", extra = ["cudart", "cufft", "cufile", "cupti", "curand", "cusolver", "cusparse", "nvjitlink", "nvrtc", "nvtx"], marker = "sys_platform == 'linux'" },
    { name = "filelock" },
    { name = "fsspec" },
    { name = "jinja2" },
    { name = "networkx" },
    { name = "nvidia-cublas", marker = "sys_platform == 'linux'" },
    { name = "nvidia-cudnn-cu13", marker = "sys_platform == 'linux'" },
    { name = "nvidia-cusparselt-cu13", marker = "sys_platform == 'linux'" },
    { name = "nvidia-nccl-cu13", marker = "sys_platform == 'linux'" },
    { name = "nvidia-nvshmem-cu13", marker = "sys_platform == 'linux'" },
    { name = "setuptools" },
    { name = "sympy" },
    { name = "triton", marker = "sys_platform == 'linux'" },
    { name = "typing-extensions" },
]
wheels = [
    { url = "https://download-r2.pytorch.org/whl/cu130/torch-2.12.0%2Bcu130-cp312-cp312-manylinux_2_28_aarch64.whl", hash = "sha256:cb95bd4626150e41aeea2b60e4635a878ebe01e63f3344409f4b7353fdb7998c", upload-time = "2026-05-12T23:49:12Z" },
    { url = "https://download-r2.pytorch.org/whl/cu130/torch-2.12.0%2Bcu130-cp312-cp312-manylinux_2_28_x86_64.whl", hash = "sha256:9f512ea51c170a7cc1a0487c08f0154b78defba4eb8619cad0130c8615ed8526", upload-time = "2026-05-12T23:49:40Z" },
    { url = "https://download-r2.pytorch.org/whl/cu130/torch-2.12.0%2Bcu130-cp312-cp312-win_amd64.whl", hash = "sha256:24e75a0c3ea4243067d7560955f2eef6466e9365de7dd4a3a4b8693c9ac4bccf", upload-time = "2026-05-12T23:50:41Z" },
    { url = "https://download-r2.pytorch.org/whl/cu130/torch-2.12.0%2Bcu130-cp313-cp313-manylinux_2_28_aarch64.whl", hash = "sha256:bf5f067d3a4d713b75ccd6a0141f8133c7495a016b917ce6dcec1492e3da98b0", upload-time = "2026-05-12T23:51:35Z" },
    { url = "https://download-r2.pytorch.org/whl/cu130/torch-2.12.0%2Bcu130-cp313-cp313-manylinux_2_28_x86_64.whl", hash = "sha256:fe5fefb784a370d1ba4959de6e87bcd3b35441040a99bffe32f5cd03bbc834c0", upload-time = "2026-05-12T23:52:00Z" },
    { url = "https://download-r2.pytorch.org/whl/cu130/torch-2.12.0%2Bcu130-cp313-cp313-win_amd64.whl", hash = "sha256:6e728c5fdeffa19b3fa6a759ff585147851772789f3dc84dec5f8cbde0f7a5b0", upload-time = "2026-05-12T23:53:01Z" },
    { url = "https://download-r2.pytorch.org/whl/cu130/torch-2.12.0%2Bcu130-cp313-cp313t-manylinux_2_28_aarch64.whl", hash = "sha256:fce821712a2881eafcfe9ddf646d953683ae39f2e4c9f9066c6ebe4adcc76495", upload-time = "2026-05-12T23:53:55Z" },
    { url = "https://download-r2.pytorch.org/whl/cu130/torch-2.12.0%2Bcu130-cp313-cp313t-manylinux_2_28_x86_64.whl", hash = "sha256:180389b4cebb5d8988e453ca35df8fbbf709734c35e882b6e9f4abaca979454a", upload-time = "2026-05-12T23:54:20Z" },
    { url = "https://download-r2.pytorch.org/whl/cu130/torch-2.12.0%2Bcu130-cp313-cp313t-win_amd64.whl", hash = "sha256:eb22ad632b19f6ab9e0852aa2229e9b1c7f5bab5220e39012b3056c31391ea02", upload-time = "2026-05-12T23:55:24Z" },
    { url = "https://download-r2.pytorch.org/whl/cu130/torch-2.12.0%2Bcu130-cp314-cp314-manylinux_2_28_aarch64.whl", hash = "sha256:05be17ab4c1bd335cff4b6fb4c78eba6ff26ef7d8c997887e5cb59b0c29427b2", upload-time = "2026-05-12T23:56:26Z" },
    { url = "https://download-r2.pytorch.org/whl/cu130/torch-2.12.0%2Bcu130-cp314-cp314-manylinux_2_28_x86_64.whl", hash = "sha256:3ff7366f6919232f099ef702c3ebd3509c91ab37c367e408cb3799c6bed214a4", upload-time = "2026-05-12T23:56:52Z" },
    { url = "https://download-r2.pytorch.org/whl/cu130/torch-2.12.0%2Bcu130-cp314-cp314-win_amd64.whl", hash = "sha256:b30d09337048750c1bf10c2abc8cb3d3bf9bb5163d6a34df7c2eb6e9ee32c603", upload-time = "2026-05-12T23:57:58Z" },
    { url = "https://download-r2.pytorch.org/whl/cu130/torch-2.12.0%2Bcu130-cp314-cp314t-manylinux_2_28_aarch64.whl", hash = "sha256:4526d2f200d9e7c7f0a04bfdeff982c4e86f7a0bac3c190ce48cd8caa3d5c888", upload-time = "2026-05-12T23:58:58Z" },
    { url = "https://download-r2.pytorch.org/whl/cu130/torch-2.12.0%2Bcu130-cp314-cp314t-manylinux_2_28_x86_64.whl", hash = "sha256:a255426cf47827e73975378fd03f3a581fc1d21241f294d6ab43b7f610ccd49c", upload-time = "2026-05-12T23:59:20Z" },
    { url = "https://download-r2.pytorch.org/whl/cu130/torch-2.12.0%2Bcu130-cp314-cp314t-win_amd64.whl", hash = "sha256:0fc041b5bed1e50ea54216f4e86dec696e773aea9b82c612d91fe024ad3af3f1", upload-time = "2026-05-13T00:00:20Z" },
]

[[package]]
name = "triton"
version = "3.7.0"
source = { registry = "https://download.pytorch.org/whl/cu130" }
wheels = [
    { url = "https://download-r2.pytorch.org/whl/triton-3.7.0-cp312-cp312-manylinux_2_27_aarch64.manylinux_2_28_aarch64.whl", hash = "sha256:1435f6ab88343976bd4b75a618d205449224af49f19c857482a8bb7cddff8481", upload-time = "2026-05-12T14:37:42Z" },
    { url = "https://download-r2.pytorch.org/whl/triton-3.7.0-cp312-cp312-manylinux_2_27_x86_64.manylinux_2_28_x86_64.whl", hash = "sha256:1f70c2b92b45a1ad978f9cc04872fec0ba2c838bfb975c1f6369d4ce4d83f54e", upload-time = "2026-05-12T14:37:50Z" },
    { url = "https://download-r2.pytorch.org/whl/triton-3.7.0-cp313-cp313-manylinux_2_27_aarch64.manylinux_2_28_aarch64.whl", hash = "sha256:9b8295f6c72dcf840d3f4cac25c1b2ff482ef1e9ead23415b48fc2d8373a170d", upload-time = "2026-05-12T14:38:06Z" },
    { url = "https://download-r2.pytorch.org/whl/triton-3.7.0-cp313-cp313-manylinux_2_27_x86_64.manylinux_2_28_x86_64.whl", hash = "sha256:d01038281f37633f06142f1d4dacc487ea4d451b02eb33edfde758d136628ba2", upload-time = "2026-05-12T14:38:14Z" },
    { url = "https://download-r2.pytorch.org/whl/triton-3.7.0-cp313-cp313t-manylinux_2_27_aarch64.manylinux_2_28_aarch64.whl", hash = "sha256:ce7d86842cdafd8c0395fa52dde52f7e010b5fa2bfb86c28ac39f9b424418c52", upload-time = "2026-05-12T14:38:31Z" },
    { url = "https://download-r2.pytorch.org/whl/triton-3.7.0-cp313-cp313t-manylinux_2_27_x86_64.manylinux_2_28_x86_64.whl", hash = "sha256:dabbdb451a8284aa49b236c2a2445372c2d7fd2d0a59e95b1d4c3a31c3c1fc5b", upload-time = "2026-05-12T14:38:40Z" },
    { url = "https://download-r2.pytorch.org/whl/triton-3.7.0-cp314-cp314-manylinux_2_27_aarch64.manylinux_2_28_aarch64.whl", hash = "sha256:668ed9898f999b363bf5d7a9d59516ce41f8d5d8bf0f4a7770d2ee7dd0f9ec71", upload-time = "2026-05-12T14:38:58Z" },
    { url = "https://download-r2.pytorch.org/whl/triton-3.7.0-cp314-cp314-manylinux_2_27_x86_64.manylinux_2_28_x86_64.whl", hash = "sha256:96b109941c922064ade0d738362e03a93079ec7e483232f6fdba803b760214cc", upload-time = "2026-05-12T14:39:07Z" },
    { url = "https://download-r2.pytorch.org/whl/triton-3.7.0-cp314-cp314t-manylinux_2_27_aarch64.manylinux_2_28_aarch64.whl", hash = "sha256:0063ee81e0dcc408a96b7b0f7fcf5be243af6309d5a0036935f376df1f517a5a", upload-time = "2026-05-12T14:39:27Z" },
    { url = "https://download-r2.pytorch.org/whl/triton-3.7.0-cp314-cp314t-manylinux_2_27_x86_64.manylinux_2_28_x86_64.whl", hash = "sha256:79870459bc8011337aaf39f71baf208404ff008f41b4697b61a89757fe30a68e", upload-time = "2026-05-12T14:39:37Z" },
]

[[package]]
name = "typing-extensions"
version = "4.15.0"
source = { registry = "https://download.pytorch.org/whl/cu130" }
wheels = [
    { url = "https://download.pytorch.org/whl/typing_extensions-4.15.0-py3-none-any.whl" },
]
